
Microsoft Visual Studio Solution File, Format Version 12.00
# Visual Studio 15
VisualStudioVersion = 15.0.27428.2002
MinimumVisualStudioVersion = 10.0.40219.1
Project("{FAE04EC0-301F-11D3-BF4B-00C04F79EFBC}") = "UnitOfWorkWithRepositoryPartens", "UnitOfWorkWithRepositoryPartens\UnitOfWorkWithRepositoryPartens.csproj", "{C6EA8EF9-E918-4F71-92F2-C7ECF975E3D7}"
EndProject
Project("{FAE04EC0-301F-11D3-BF4B-00C04F79EFBC}") = "UnitOfWorkWithRepositoryPartens.BusinessServise", "UnitOfWorkWithRepositoryPartens.BusinessServise\UnitOfWorkWithRepositoryPartens.BusinessServise.csproj", "{81E7C64F-6FF4-4A20-8F42-1DBC0E23CAB3}"
EndProject
Project("{FAE04EC0-301F-11D3-BF4B-00C04F79EFBC}") = "UnitOfWorkWithRepositoryPartens.Data", "UnitOfWorkWithRepositoryPartens.Data\UnitOfWorkWithRepositoryPartens.Data.csproj", "{E9634932-74BA-4841-B9DC-AEA2326B885E}"
EndProject
Project("{FAE04EC0-301F-11D3-BF4B-00C04F79EFBC}") = "UnitOfWorkWithRepositoryPartens.Interface", "UnitOfWorkWithRepositoryPartens.Interface\UnitOfWorkWithRepositoryPartens.Interface.csproj", "{9984CC32-2975-4E44-AB9E-2689EF8AAC9F}"
EndProject
Project("{FAE04EC0-301F-11D3-BF4B-00C04F79EFBC}") = "UnitOfWorkWithRepositoryPartens.Repository", "UnitOfWorkWithRepositoryPartens.Repository\UnitOfWorkWithRepositoryPartens.Repository.csproj", "{27B5A88E-012B-4482-BA3B-C31E6F8B4641}"
EndProject
Global
	GlobalSection(SolutionConfigurationPlatforms) = preSolution
		Debug|Any CPU = Debug|Any CPU
		Release|Any CPU = Release|Any CPU
	EndGlobalSection
	GlobalSection(ProjectConfigurationPlatforms) = postSolution
		{C6EA8EF9-E918-4F71-92F2-C7ECF975E3D7}.Debug|Any CPU.ActiveCfg = Debug|Any CPU
		{C6EA8EF9-E918-4F71-92F2-C7ECF975E3D7}.Debug|Any CPU.Build.0 = Debug|Any CPU
		{C6EA8EF9-E918-4F71-92F2-C7ECF975E3D7}.Release|Any CPU.ActiveCfg = Release|Any CPU
		{C6EA8EF9-E918-4F71-92F2-C7ECF975E3D7}.Release|Any CPU.Build.0 = Release|Any CPU
		{81E7C64F-6FF4-4A20-8F42-1DBC0E23CAB3}.Debug|Any CPU.ActiveCfg = Debug|Any CPU
		{81E7C64F-6FF4-4A20-8F42-1DBC0E23CAB3}.Debug|Any CPU.Build.0 = Debug|Any CPU
		{81E7C64F-6FF4-4A20-8F42-1DBC0E23CAB3}.Release|Any CPU.ActiveCfg = Release|Any CPU
		{81E7C64F-6FF4-4A20-8F42-1DBC0E23CAB3}.Release|Any CPU.Build.0 = Release|Any CPU
		{E9634932-74BA-4841-B9DC-AEA2326B885E}.Debug|Any CPU.ActiveCfg = Debug|Any CPU
		{E9634932-74BA-4841-B9DC-AEA2326B885E}.Debug|Any CPU.Build.0 = Debug|Any CPU
		{E9634932-74BA-4841-B9DC-AEA2326B885E}.Release|Any CPU.ActiveCfg = Release|Any CPU
		{E9634932-74BA-4841-B9DC-AEA2326B885E}.Release|Any CPU.Build.0 = Release|Any CPU
		{9984CC32-2975-4E44-AB9E-2689EF8AAC9F}.Debug|Any CPU.ActiveCfg = Debug|Any CPU
		{9984CC32-2975-4E44-AB9E-2689EF8AAC9F}.Debug|Any CPU.Build.0 = Debug|Any CPU
		{9984CC32-2975-4E44-AB9E-2689EF8AAC9F}.Release|Any CPU.ActiveCfg = Release|Any CPU
		{9984CC32-2975-4E44-AB9E-2689EF8AAC9F}.Release|Any CPU.Build.0 = Release|Any CPU
		{27B5A88E-012B-4482-BA3B-C31E6F8B4641}.Debug|Any CPU.ActiveCfg = Debug|Any CPU
		{27B5A88E-012B-4482-BA3B-C31E6F8B4641}.Debug|Any CPU.Build.0 = Debug|Any CPU
		{27B5A88E-012B-4482-BA3B-C31E6F8B4641}.Release|Any CPU.ActiveCfg = Release|Any CPU
		{27B5A88E-012B-4482-BA3B-C31E6F8B4641}.Release|Any CPU.Build.0 = Release|Any CPU
	EndGlobalSection
	GlobalSection(SolutionProperties) = preSolution
		HideSolutionNode = FALSE
	EndGlobalSection
	GlobalSection(ExtensibilityGlobals) = postSolution
		SolutionGuid = {009CAA1A-4B71-4281-BB40-C436CF673128}
	EndGlobalSection
EndGlobal
